
Microsoft Visual Studio Solution File, Format Version 12.00
# Visual Studio 15
VisualStudioVersion = 15.0.27703.2026
MinimumVisualStudioVersion = 10.0.40219.1
Project("{FAE04EC0-301F-11D3-BF4B-00C04F79EFBC}") = "PriorityQueue", "PriorityQueue\PriorityQueue.csproj", "{E8D24D75-01DA-47F1-BA01-8AC71D3D4306}"
EndProject
Global
	GlobalSection(SolutionConfigurationPlatforms) = preSolution
		Debug|Any CPU = Debug|Any CPU
		Release|Any CPU = Release|Any CPU
	EndGlobalSection
	GlobalSection(ProjectConfigurationPlatforms) = postSolution
		{E8D24D75-01DA-47F1-BA01-8AC71D3D4306}.Debug|Any CPU.ActiveCfg = Debug|Any CPU
		{E8D24D75-01DA-47F1-BA01-8AC71D3D4306}.Debug|Any CPU.Build.0 = Debug|Any CPU
		{E8D24D75-01DA-47F1-BA01-8AC71D3D4306}.Release|Any CPU.ActiveCfg = Release|Any CPU
		{E8D24D75-01DA-47F1-BA01-8AC71D3D4306}.Release|Any CPU.Build.0 = Release|Any CPU
	EndGlobalSection
	GlobalSection(SolutionProperties) = preSolution
		HideSolutionNode = FALSE
	EndGlobalSection
	GlobalSection(ExtensibilityGlobals) = postSolution
		SolutionGuid = {969676D8-C7D7-4DFD-B23D-16B3B6AA5EAD}
	EndGlobalSection
EndGlobal
